
Microsoft Visual Studio Solution File, Format Version 12.00
# Visual Studio Version 16
VisualStudioVersion = 16.0.32901.82
MinimumVisualStudioVersion = 10.0.40219.1
Project("{FAE04EC0-301F-11D3-BF4B-00C04F79EFBC}") = "WindowsFormsApp1", "WindowsFormsApp1.csproj", "{03E83C41-C8A9-4529-A6BE-27DBD8ED52D9}"
EndProject
Global
	GlobalSection(SolutionConfigurationPlatforms) = preSolution
		Debug|Any CPU = Debug|Any CPU
		Release|Any CPU = Release|Any CPU
	EndGlobalSection
	GlobalSection(ProjectConfigurationPlatforms) = postSolution
		{03E83C41-C8A9-4529-A6BE-27DBD8ED52D9}.Debug|Any CPU.ActiveCfg = Debug|Any CPU
		{03E83C41-C8A9-4529-A6BE-27DBD8ED52D9}.Debug|Any CPU.Build.0 = Debug|Any CPU
		{03E83C41-C8A9-4529-A6BE-27DBD8ED52D9}.Release|Any CPU.ActiveCfg = Release|Any CPU
		{03E83C41-C8A9-4529-A6BE-27DBD8ED52D9}.Release|Any CPU.Build.0 = Release|Any CPU
	EndGlobalSection
	GlobalSection(SolutionProperties) = preSolution
		HideSolutionNode = FALSE
	EndGlobalSection
	GlobalSection(ExtensibilityGlobals) = postSolution
		SolutionGuid = {88B1F7A6-5252-499B-B7A8-BC0183338F72}
	EndGlobalSection
EndGlobal
